packages:
  - name: dbt_utils
    package: dbt-labs/dbt_utils
    version: 1.3.3
  - name: dbt_expectations
    package: metaplane/dbt_expectations
    version: 0.10.10
  - name: elementary
    package: elementary-data/elementary
    version: 0.22.1
  - name: codegen
    package: dbt-labs/codegen
    version: 0.14.0
  - name: dbt_date
    package: godatadriven/dbt_date
    version: 0.17.1
sha1_hash: 807e45c80bc267cbb345d7aba6b5f161dd472c37
